{
  "name": "ozone-typescript-client",
  "version": "0.9.0",
  "lockfileVersion": 1,
  "requires": true,
  "dependencies": {
    "log4javascript": {
      "version": "1.4.15",
      "resolved": "https://registry.npmjs.org/log4javascript/-/log4javascript-1.4.15.tgz",
      "integrity": "sha1-haxi6UawJMayViFghOEGAdVjBgQ="
    },
    "typescript": {
      "version": "3.1.4",
      "resolved": "https://registry.npmjs.org/typescript/-/typescript-3.1.4.tgz",
      "integrity": "sha512-JZHJtA6ZL15+Q3Dqkbh8iCUmvxD3iJ7ujXS+fVkKnwIVAdHc5BJTDNM0aTrnr2luKulFjU7W+SRhDZvi66Ru7Q==",
      "dev": true
    },
    "typescript-http-client": {
      "version": "0.9.0",
      "resolved": "https://registry.npmjs.org/typescript-http-client/-/typescript-http-client-0.9.0.tgz",
      "integrity": "sha512-aVUlv4t1i8OehqugFN+RqyzBn6l0Y6hjUnoohrfwV0tpD8LueO0LbCgObof0eeL0y1Z8z+AWVc5DvXNayZCZGg==",
      "requires": {
        "log4javascript": "^1.4.15"
      }
    },
    "typescript-state-machine": {
      "version": "0.9.0",
      "resolved": "https://registry.npmjs.org/typescript-state-machine/-/typescript-state-machine-0.9.0.tgz",
      "integrity": "sha512-KVK+FaXpcFjZUwr9wXu9F0XXkYL6egY9VTiDRcpCUhvV/wqYE/afg+1bxPm2dVeUV/fji7HsX4UjeZjSQLeGwA==",
      "requires": {
        "log4javascript": "^1.4.15"
      }
    }
  }
}
